// !$*UTF8*$!
{
	archiveVersion = 1;
	classes = {
	};
	objectVersion = 77;
	objects = {

/* Begin PBXContainerItemProxy section */
		8254DAB32DBBD1110021FB78 /* PBXContainerItemProxy */ = {
			isa = PBXContainerItemProxy;
			containerPortal = 8254DA9D2DBBD10F0021FB78 /* Project object */;
			proxyType = 1;
			remoteGlobalIDString = 8254DAA42DBBD10F0021FB78;
			remoteInfo = SparkCards;
		};
		8254DABD2DBBD1120021FB78 /* PBXContainerItemProxy */ = {
			isa = PBXContainerItemProxy;
			containerPortal = 8254DA9D2DBBD10F0021FB78 /* Project object */;
			proxyType = 1;
			remoteGlobalIDString = 8254DAA42DBBD10F0021FB78;
			remoteInfo = SparkCards;
		};
/* End PBXContainerItemProxy section */

/* Begin PBXFileReference section */
		8254DAA52DBBD10F0021FB78 /* SparkCards.app */ = {isa = PBXFileReference; explicitFileType = wrapper.application; includeInIndex = 0; path = SparkCards.app; sourceTree = BUILT_PRODUCTS_DIR; };
		8254DAB22DBBD1110021FB78 /* SparkCardsTests.xctest */ = {isa = PBXFileReference; explicitFileType = wrapper.cfbundle; includeInIndex = 0; path = SparkCardsTests.xctest; sourceTree = BUILT_PRODUCTS_DIR; };
		8254DABC2DBBD1120021FB78 /* SparkCardsUITests.xctest */ = {isa = PBXFileReference; explicitFileType = wrapper.cfbundle; includeInIndex = 0; path = SparkCardsUITests.xctest; sourceTree = BUILT_PRODUCTS_DIR; };
/* End PBXFileReference section */

/* Begin PBXFileSystemSynchronizedRootGroup section */
		8254DAA72DBBD10F0021FB78 /* SparkCards */ = {
			isa = PBXFileSystemSynchronizedRootGroup;
			path = SparkCards;
			sourceTree = "<group>";
		};
		8254DAB52DBBD1110021FB78 /* SparkCardsTests */ = {
			isa = PBXFileSystemSynchronizedRootGroup;
			path = SparkCardsTests;
			sourceTree = "<group>";
		};
		8254DABF2DBBD1120021FB78 /* SparkCardsUITests */ = {
			isa = PBXFileSystemSynchronizedRootGroup;
			path = SparkCardsUITests;
			sourceTree = "<group>";
		};
/* End PBXFileSystemSynchronizedRootGroup section */

/* Begin PBXFrameworksBuildPhase section */
		8254DAA22DBBD10F0021FB78 /* Frameworks */ = {
			isa = PBXFrameworksBuildPhase;
			buildActionMask = 2147483647;
			files = (
			);
			runOnlyForDeploymentPostprocessing = 0;
		};
		8254DAAF2DBBD1110021FB78 /* Frameworks */ = {
			isa = PBXFrameworksBuildPhase;
			buildActionMask = 2147483647;
			files = (
			);
			runOnlyForDeploymentPostprocessing = 0;
		};
		8254DAB92DBBD1120021FB78 /* Frameworks */ = {
			isa = PBXFrameworksBuildPhase;
			buildActionMask = 2147483647;
			files = (
			);
			runOnlyForDeploymentPostprocessing = 0;
		};
/* End PBXFrameworksBuildPhase section */

/* Begin PBXGroup section */
		8254DA9C2DBBD10F0021FB78 = {
			isa = PBXGroup;
			children = (
				8254DAA72DBBD10F0021FB78 /* SparkCards */,
				8254DAB52DBBD1110021FB78 /* SparkCardsTests */,
				8254DABF2DBBD1120021FB78 /* SparkCardsUITests */,
				8254DAA62DBBD10F0021FB78 /* Products */,
			);
			sourceTree = "<group>";
		};
		8254DAA62DBBD10F0021FB78 /* Products */ = {
			isa = PBXGroup;
			children = (
				8254DAA52DBBD10F0021FB78 /* SparkCards.app */,
				8254DAB22DBBD1110021FB78 /* SparkCardsTests.xctest */,
				8254DABC2DBBD1120021FB78 /* SparkCardsUITests.xctest */,
			);
			name = Products;
			sourceTree = "<group>";
		};
/* End PBXGroup section */

/* Begin PBXNativeTarget section */
		8254DAA42DBBD10F0021FB78 /* SparkCards */ = {
			isa = PBXNativeTarget;
			buildConfigurationList = 8254DAC62DBBD1120021FB78 /* Build configuration list for PBXNativeTarget "SparkCards" */;
			buildPhases = (
				8254DAA12DBBD10F0021FB78 /* Sources */,
				8254DAA22DBBD10F0021FB78 /* Frameworks */,
				8254DAA32DBBD10F0021FB78 /* Resources */,
			);
			buildRules = (
			);
			dependencies = (
			);
			fileSystemSynchronizedGroups = (
				8254DAA72DBBD10F0021FB78 /* SparkCards */,
			);
			name = SparkCards;
			packageProductDependencies = (
			);
			productName = SparkCards;
			productReference = 8254DAA52DBBD10F0021FB78 /* SparkCards.app */;
			productType = "com.apple.product-type.application";
		};
		8254DAB12DBBD1110021FB78 /* SparkCardsTests */ = {
			isa = PBXNativeTarget;
			buildConfigurationList = 8254DAC92DBBD1120021FB78 /* Build configuration list for PBXNativeTarget "SparkCardsTests" */;
			buildPhases = (
				8254DAAE2DBBD1110021FB78 /* Sources */,
				8254DAAF2DBBD1110021FB78 /* Frameworks */,
				8254DAB02DBBD1110021FB78 /* Resources */,
			);
			buildRules = (
			);
			dependencies = (
				8254DAB42DBBD1110021FB78 /* PBXTargetDependency */,
			);
			fileSystemSynchronizedGroups = (
				8254DAB52DBBD1110021FB78 /* SparkCardsTests */,
			);
			name = SparkCardsTests;
			packageProductDependencies = (
			);
			productName = SparkCardsTests;
			productReference = 8254DAB22DBBD1110021FB78 /* SparkCardsTests.xctest */;
			productType = "com.apple.product-type.bundle.unit-test";
		};
		8254DABB2DBBD1120021FB78 /* SparkCardsUITests */ = {
			isa = PBXNativeTarget;
			buildConfigurationList = 8254DACC2DBBD1120021FB78 /* Build configuration list for PBXNativeTarget "SparkCardsUITests" */;
			buildPhases = (
				8254DAB82DBBD1120021FB78 /* Sources */,
				8254DAB92DBBD1120021FB78 /* Frameworks */,
				8254DABA2DBBD1120021FB78 /* Resources */,
			);
			buildRules = (
			);
			dependencies = (
				8254DABE2DBBD1120021FB78 /* PBXTargetDependency */,
			);
			fileSystemSynchronizedGroups = (
				8254DABF2DBBD1120021FB78 /* SparkCardsUITests */,
			);
			name = SparkCardsUITests;
			packageProductDependencies = (
			);
			productName = SparkCardsUITests;
			productReference = 8254DABC2DBBD1120021FB78 /* SparkCardsUITests.xctest */;
			productType = "com.apple.product-type.bundle.ui-testing";
		};
/* End PBXNativeTarget section */

/* Begin PBXProject section */
		8254DA9D2DBBD10F0021FB78 /* Project object */ = {
			isa = PBXProject;
			attributes = {
				BuildIndependentTargetsInParallel = 1;
				LastSwiftUpdateCheck = 1630;
				LastUpgradeCheck = 1630;
				TargetAttributes = {
					8254DAA42DBBD10F0021FB78 = {
						CreatedOnToolsVersion = 16.3;
					};
					8254DAB12DBBD1110021FB78 = {
						CreatedOnToolsVersion = 16.3;
						TestTargetID = 8254DAA42DBBD10F0021FB78;
					};
					8254DABB2DBBD1120021FB78 = {
						CreatedOnToolsVersion = 16.3;
						TestTargetID = 8254DAA42DBBD10F0021FB78;
					};
				};
			};
			buildConfigurationList = 8254DAA02DBBD10F0021FB78 /* Build configuration list for PBXProject "SparkCards" */;
			developmentRegion = en;
			hasScannedForEncodings = 0;
			knownRegions = (
				en,
				Base,
			);
			mainGroup = 8254DA9C2DBBD10F0021FB78;
			minimizedProjectReferenceProxies = 1;
			preferredProjectObjectVersion = 77;
			productRefGroup = 8254DAA62DBBD10F0021FB78 /* Products */;
			projectDirPath = "";
			projectRoot = "";
			targets = (
				8254DAA42DBBD10F0021FB78 /* SparkCards */,
				8254DAB12DBBD1110021FB78 /* SparkCardsTests */,
				8254DABB2DBBD1120021FB78 /* SparkCardsUITests */,
			);
		};
/* End PBXProject section */

/* Begin PBXResourcesBuildPhase section */
		8254DAA32DBBD10F0021FB78 /* Resources */ = {
			isa = PBXResourcesBuildPhase;
			buildActionMask = 2147483647;
			files = (
			);
			runOnlyForDeploymentPostprocessing = 0;
		};
		8254DAB02DBBD1110021FB78 /* Resources */ = {
			isa = PBXResourcesBuildPhase;
			buildActionMask = 2147483647;
			files = (
			);
			runOnlyForDeploymentPostprocessing = 0;
		};
		8254DABA2DBBD1120021FB78 /* Resources */ = {
			isa = PBXResourcesBuildPhase;
			buildActionMask = 2147483647;
			files = (
			);
			runOnlyForDeploymentPostprocessing = 0;
		};
/* End PBXResourcesBuildPhase section */

/* Begin PBXSourcesBuildPhase section */
		8254DAA12DBBD10F0021FB78 /* Sources */ = {
			isa = PBXSourcesBuildPhase;
			buildActionMask = 2147483647;
			files = (
			);
			runOnlyForDeploymentPostprocessing = 0;
		};
		8254DAAE2DBBD1110021FB78 /* Sources */ = {
			isa = PBXSourcesBuildPhase;
			buildActionMask = 2147483647;
			files = (
			);
			runOnlyForDeploymentPostprocessing = 0;
		};
		8254DAB82DBBD1120021FB78 /* Sources */ = {
			isa = PBXSourcesBuildPhase;
			buildActionMask = 2147483647;
			files = (
			);
			runOnlyForDeploymentPostprocessing = 0;
		};
/* End PBXSourcesBuildPhase section */

/* Begin PBXTargetDependency section */
		8254DAB42DBBD1110021FB78 /* PBXTargetDependency */ = {
			isa = PBXTargetDependency;
			target = 8254DAA42DBBD10F0021FB78 /* SparkCards */;
			targetProxy = 8254DAB32DBBD1110021FB78 /* PBXContainerItemProxy */;
		};
		8254DABE2DBBD1120021FB78 /* PBXTargetDependency */ = {
			isa = PBXTargetDependency;
			target = 8254DAA42DBBD10F0021FB78 /* SparkCards */;
			targetProxy = 8254DABD2DBBD1120021FB78 /* PBXContainerItemProxy */;
		};
/* End PBXTargetDependency section */

/* Begin XCBuildConfiguration section */
		8254DAC42DBBD1120021FB78 /* Debug */ = {
			isa = XCBuildConfiguration;
			buildSettings = {
				ALWAYS_SEARCH_USER_PATHS = NO;
				ASSETCATALOG_COMPILER_GENERATE_SWIFT_ASSET_SYMBOL_EXTENSIONS = YES;
				CLANG_ANALYZER_NONNULL = YES;
				CLANG_ANALYZER_NUMBER_OBJECT_CONVERSION = YES_AGGRESSIVE;
				CLANG_CXX_LANGUAGE_STANDARD = "gnu++20";
				CLANG_ENABLE_MODULES = YES;
				CLANG_ENABLE_OBJC_ARC = YES;
				CLANG_ENABLE_OBJC_WEAK = YES;
				CLANG_WARN_BLOCK_CAPTURE_AUTORELEASING = YES;
				CLANG_WARN_BOOL_CONVERSION = YES;
				CLANG_WARN_COMMA = YES;
				CLANG_WARN_CONSTANT_CONVERSION = YES;
				CLANG_WARN_DEPRECATED_OBJC_IMPLEMENTATIONS = YES;
				CLANG_WARN_DIRECT_OBJC_ISA_USAGE = YES_ERROR;
				CLANG_WARN_DOCUMENTATION_COMMENTS = YES;
				CLANG_WARN_EMPTY_BODY = YES;
				CLANG_WARN_ENUM_CONVERSION = YES;
				CLANG_WARN_INFINITE_RECURSION = YES;
				CLANG_WARN_INT_CONVERSION = YES;
				CLANG_WARN_NON_LITERAL_NULL_CONVERSION = YES;
				CLANG_WARN_OBJC_IMPLICIT_RETAIN_SELF = YES;
				CLANG_WARN_OBJC_LITERAL_CONVERSION = YES;
				CLANG_WARN_OBJC_ROOT_CLASS = YES_ERROR;
				CLANG_WARN_QUOTED_INCLUDE_IN_FRAMEWORK_HEADER = YES;
				CLANG_WARN_RANGE_LOOP_ANALYSIS = YES;
				CLANG_WARN_STRICT_PROTOTYPES = YES;
				CLANG_WARN_SUSPICIOUS_MOVE = YES;
				CLANG_WARN_UNGUARDED_AVAILABILITY = YES_AGGRESSIVE;
				CLANG_WARN_UNREACHABLE_CODE = YES;
				CLANG_WARN__DUPLICATE_METHOD_MATCH = YES;
				COPY_PHASE_STRIP = NO;
				DEBUG_INFORMATION_FORMAT = dwarf;
				ENABLE_STRICT_OBJC_MSGSEND = YES;
				ENABLE_TESTABILITY = YES;
				ENABLE_USER_SCRIPT_SANDBOXING = YES;
				GCC_C_LANGUAGE_STANDARD = gnu17;
				GCC_DYNAMIC_NO_PIC = NO;
				GCC_NO_COMMON_BLOCKS = YES;
				GCC_OPTIMIZATION_LEVEL = 0;
				GCC_PREPROCESSOR_DEFINITIONS = (
					"DEBUG=1",
					"$(inherited)",
				);
				GCC_WARN_64_TO_32_BIT_CONVERSION = YES;
				GCC_WARN_ABOUT_RETURN_TYPE = YES_ERROR;
				GCC_WARN_UNDECLARED_SELECTOR = YES;
				GCC_WARN_UNINITIALIZED_AUTOS = YES_AGGRESSIVE;
				GCC_WARN_UNUSED_FUNCTION = YES;
				GCC_WARN_UNUSED_VARIABLE = YES;
				IPHONEOS_DEPLOYMENT_TARGET = 18.4;
				LOCALIZATION_PREFERS_STRING_CATALOGS = YES;
				MTL_ENABLE_DEBUG_INFO = INCLUDE_SOURCE;
				MTL_FAST_MATH = YES;
				ONLY_ACTIVE_ARCH = YES;
				SDKROOT = iphoneos;
				SWIFT_ACTIVE_COMPILATION_CONDITIONS = "DEBUG $(inherited)";
				SWIFT_OPTIMIZATION_LEVEL = "-Onone";
			};
			name = Debug;
		};
		8254DAC52DBBD1120021FB78 /* Release */ = {
			isa = XCBuildConfiguration;
			buildSettings = {
				ALWAYS_SEARCH_USER_PATHS = NO;
				ASSETCATALOG_COMPILER_GENERATE_SWIFT_ASSET_SYMBOL_EXTENSIONS = YES;
				CLANG_ANALYZER_NONNULL = YES;
				CLANG_ANALYZER_NUMBER_OBJECT_CONVERSION = YES_AGGRESSIVE;
				CLANG_CXX_LANGUAGE_STANDARD = "gnu++20";
				CLANG_ENABLE_MODULES = YES;
				CLANG_ENABLE_OBJC_ARC = YES;
				CLANG_ENABLE_OBJC_WEAK = YES;
				CLANG_WARN_BLOCK_CAPTURE_AUTORELEASING = YES;
				CLANG_WARN_BOOL_CONVERSION = YES;
				CLANG_WARN_COMMA = YES;
				CLANG_WARN_CONSTANT_CONVERSION = YES;
				CLANG_WARN_DEPRECATED_OBJC_IMPLEMENTATIONS = YES;
				CLANG_WARN_DIRECT_OBJC_ISA_USAGE = YES_ERROR;
				CLANG_WARN_DOCUMENTATION_COMMENTS = YES;
				CLANG_WARN_EMPTY_BODY = YES;
				CLANG_WARN_ENUM_CONVERSION = YES;
				CLANG_WARN_INFINITE_RECURSION = YES;
				CLANG_WARN_INT_CONVERSION = YES;
				CLANG_WARN_NON_LITERAL_NULL_CONVERSION = YES;
				CLANG_WARN_OBJC_IMPLICIT_RETAIN_SELF = YES;
				CLANG_WARN_OBJC_LITERAL_CONVERSION = YES;
				CLANG_WARN_OBJC_ROOT_CLASS = YES_ERROR;
				CLANG_WARN_QUOTED_INCLUDE_IN_FRAMEWORK_HEADER = YES;
				CLANG_WARN_RANGE_LOOP_ANALYSIS = YES;
				CLANG_WARN_STRICT_PROTOTYPES = YES;
				CLANG_WARN_SUSPICIOUS_MOVE = YES;
				CLANG_WARN_UNGUARDED_AVAILABILITY = YES_AGGRESSIVE;
				CLANG_WARN_UNREACHABLE_CODE = YES;
				CLANG_WARN__DUPLICATE_METHOD_MATCH = YES;
				COPY_PHASE_STRIP = NO;
				DEBUG_INFORMATION_FORMAT = "dwarf-with-dsym";
				ENABLE_NS_ASSERTIONS = NO;
				ENABLE_STRICT_OBJC_MSGSEND = YES;
				ENABLE_USER_SCRIPT_SANDBOXING = YES;
				GCC_C_LANGUAGE_STANDARD = gnu17;
				GCC_NO_COMMON_BLOCKS = YES;
				GCC_WARN_64_TO_32_BIT_CONVERSION = YES;
				GCC_WARN_ABOUT_RETURN_TYPE = YES_ERROR;
				GCC_WARN_UNDECLARED_SELECTOR = YES;
				GCC_WARN_UNINITIALIZED_AUTOS = YES_AGGRESSIVE;
				GCC_WARN_UNUSED_FUNCTION = YES;
				GCC_WARN_UNUSED_VARIABLE = YES;
				IPHONEOS_DEPLOYMENT_TARGET = 18.4;
				LOCALIZATION_PREFERS_STRING_CATALOGS = YES;
				MTL_ENABLE_DEBUG_INFO = NO;
				MTL_FAST_MATH = YES;
				SDKROOT = iphoneos;
				SWIFT_COMPILATION_MODE = wholemodule;
				VALIDATE_PRODUCT = YES;
			};
			name = Release;
		};
		8254DAC72DBBD1120021FB78 /* Debug */ = {
			isa = XCBuildConfiguration;
			buildSettings = {
				ASSETCATALOG_COMPILER_APPICON_NAME = AppIcon;
				ASSETCATALOG_COMPILER_GLOBAL_ACCENT_COLOR_NAME = AccentColor;
				CODE_SIGN_STYLE = Automatic;
				CURRENT_PROJECT_VERSION = 1;
				ENABLE_PREVIEWS = YES;
				GENERATE_INFOPLIST_FILE = YES;
				INFOPLIST_KEY_UIApplicationSceneManifest_Generation = YES;
				INFOPLIST_KEY_UIApplicationSupportsIndirectInputEvents = YES;
				INFOPLIST_KEY_UILaunchScreen_Generation = YES;
				INFOPLIST_KEY_UISupportedInterfaceOrientations_iPad = "UIInterfaceOrientationPortrait UIInterfaceOrientationPortraitUpsideDown UIInterfaceOrientationLandscapeLeft UIInterfaceOrientationLandscapeRight";
				INFOPLIST_KEY_UISupportedInterfaceOrientations_iPhone = "UIInterfaceOrientationPortrait UIInterfaceOrientationLandscapeLeft UIInterfaceOrientationLandscapeRight";
				LD_RUNPATH_SEARCH_PATHS = (
					"$(inherited)",
					"@executable_path/Frameworks",
				);
				MARKETING_VERSION = 1.0;
				PRODUCT_BUNDLE_IDENTIFIER = com.tomisalami.SparkCards;
				PRODUCT_NAME = "$(TARGET_NAME)";
				SWIFT_EMIT_LOC_STRINGS = YES;
				SWIFT_VERSION = 5.0;
				TARGETED_DEVICE_FAMILY = "1,2";
			};
			name = Debug;
		};
		8254DAC82DBBD1120021FB78 /* Release */ = {
			isa = XCBuildConfiguration;
			buildSettings = {
				ASSETCATALOG_COMPILER_APPICON_NAME = AppIcon;
				ASSETCATALOG_COMPILER_GLOBAL_ACCENT_COLOR_NAME = AccentColor;
				CODE_SIGN_STYLE = Automatic;
				CURRENT_PROJECT_VERSION = 1;
				ENABLE_PREVIEWS = YES;
				GENERATE_INFOPLIST_FILE = YES;
				INFOPLIST_KEY_UIApplicationSceneManifest_Generation = YES;
				INFOPLIST_KEY_UIApplicationSupportsIndirectInputEvents = YES;
				INFOPLIST_KEY_UILaunchScreen_Generation = YES;
				INFOPLIST_KEY_UISupportedInterfaceOrientations_iPad = "UIInterfaceOrientationPortrait UIInterfaceOrientationPortraitUpsideDown UIInterfaceOrientationLandscapeLeft UIInterfaceOrientationLandscapeRight";
				INFOPLIST_KEY_UISupportedInterfaceOrientations_iPhone = "UIInterfaceOrientationPortrait UIInterfaceOrientationLandscapeLeft UIInterfaceOrientationLandscapeRight";
				LD_RUNPATH_SEARCH_PATHS = (
					"$(inherited)",
					"@executable_path/Frameworks",
				);
				MARKETING_VERSION = 1.0;
				PRODUCT_BUNDLE_IDENTIFIER = com.tomisalami.SparkCards;
				PRODUCT_NAME = "$(TARGET_NAME)";
				SWIFT_EMIT_LOC_STRINGS = YES;
				SWIFT_VERSION = 5.0;
				TARGETED_DEVICE_FAMILY = "1,2";
			};
			name = Release;
		};
		8254DACA2DBBD1120021FB78 /* Debug */ = {
			isa = XCBuildConfiguration;
			buildSettings = {
				BUNDLE_LOADER = "$(TEST_HOST)";
				CODE_SIGN_STYLE = Automatic;
				CURRENT_PROJECT_VERSION = 1;
				GENERATE_INFOPLIST_FILE = YES;
				IPHONEOS_DEPLOYMENT_TARGET = 18.4;
				MARKETING_VERSION = 1.0;
				PRODUCT_BUNDLE_IDENTIFIER = com.tomisalami.SparkCardsTests;
				PRODUCT_NAME = "$(TARGET_NAME)";
				SWIFT_EMIT_LOC_STRINGS = NO;
				SWIFT_VERSION = 5.0;
				TARGETED_DEVICE_FAMILY = "1,2";
				TEST_HOST = "$(BUILT_PRODUCTS_DIR)/SparkCards.app/$(BUNDLE_EXECUTABLE_FOLDER_PATH)/SparkCards";
			};
			name = Debug;
		};
		8254DACB2DBBD1120021FB78 /* Release */ = {
			isa = XCBuildConfiguration;
			buildSettings = {
				BUNDLE_LOADER = "$(TEST_HOST)";
				CODE_SIGN_STYLE = Automatic;
				CURRENT_PROJECT_VERSION = 1;
				GENERATE_INFOPLIST_FILE = YES;
				IPHONEOS_DEPLOYMENT_TARGET = 18.4;
				MARKETING_VERSION = 1.0;
				PRODUCT_BUNDLE_IDENTIFIER = com.tomisalami.SparkCardsTests;
				PRODUCT_NAME = "$(TARGET_NAME)";
				SWIFT_EMIT_LOC_STRINGS = NO;
				SWIFT_VERSION = 5.0;
				TARGETED_DEVICE_FAMILY = "1,2";
				TEST_HOST = "$(BUILT_PRODUCTS_DIR)/SparkCards.app/$(BUNDLE_EXECUTABLE_FOLDER_PATH)/SparkCards";
			};
			name = Release;
		};
		8254DACD2DBBD1120021FB78 /* Debug */ = {
			isa = XCBuildConfiguration;
			buildSettings = {
				CODE_SIGN_STYLE = Automatic;
				CURRENT_PROJECT_VERSION = 1;
				GENERATE_INFOPLIST_FILE = YES;
				MARKETING_VERSION = 1.0;
				PRODUCT_BUNDLE_IDENTIFIER = com.tomisalami.SparkCardsUITests;
				PRODUCT_NAME = "$(TARGET_NAME)";
				SWIFT_EMIT_LOC_STRINGS = NO;
				SWIFT_VERSION = 5.0;
				TARGETED_DEVICE_FAMILY = "1,2";
				TEST_TARGET_NAME = SparkCards;
			};
			name = Debug;
		};
		8254DACE2DBBD1120021FB78 /* Release */ = {
			isa = XCBuildConfiguration;
			buildSettings = {
				CODE_SIGN_STYLE = Automatic;
				CURRENT_PROJECT_VERSION = 1;
				GENERATE_INFOPLIST_FILE = YES;
				MARKETING_VERSION = 1.0;
				PRODUCT_BUNDLE_IDENTIFIER = com.tomisalami.SparkCardsUITests;
				PRODUCT_NAME = "$(TARGET_NAME)";
				SWIFT_EMIT_LOC_STRINGS = NO;
				SWIFT_VERSION = 5.0;
				TARGETED_DEVICE_FAMILY = "1,2";
				TEST_TARGET_NAME = SparkCards;
			};
			name = Release;
		};
/* End XCBuildConfiguration section */

/* Begin XCConfigurationList section */
		8254DAA02DBBD10F0021FB78 /* Build configuration list for PBXProject "SparkCards" */ = {
			isa = XCConfigurationList;
			buildConfigurations = (
				8254DAC42DBBD1120021FB78 /* Debug */,
				8254DAC52DBBD1120021FB78 /* Release */,
			);
			defaultConfigurationIsVisible = 0;
			defaultConfigurationName = Release;
		};
		8254DAC62DBBD1120021FB78 /* Build configuration list for PBXNativeTarget "SparkCards" */ = {
			isa = XCConfigurationList;
			buildConfigurations = (
				8254DAC72DBBD1120021FB78 /* Debug */,
				8254DAC82DBBD1120021FB78 /* Release */,
			);
			defaultConfigurationIsVisible = 0;
			defaultConfigurationName = Release;
		};
		8254DAC92DBBD1120021FB78 /* Build configuration list for PBXNativeTarget "SparkCardsTests" */ = {
			isa = XCConfigurationList;
			buildConfigurations = (
				8254DACA2DBBD1120021FB78 /* Debug */,
				8254DACB2DBBD1120021FB78 /* Release */,
			);
			defaultConfigurationIsVisible = 0;
			defaultConfigurationName = Release;
		};
		8254DACC2DBBD1120021FB78 /* Build configuration list for PBXNativeTarget "SparkCardsUITests" */ = {
			isa = XCConfigurationList;
			buildConfigurations = (
				8254DACD2DBBD1120021FB78 /* Debug */,
				8254DACE2DBBD1120021FB78 /* Release */,
			);
			defaultConfigurationIsVisible = 0;
			defaultConfigurationName = Release;
		};
/* End XCConfigurationList section */
	};
	rootObject = 8254DA9D2DBBD10F0021FB78 /* Project object */;
}
